
Microsoft Visual Studio Solution File, Format Version 12.00
# Visual Studio Version 16
VisualStudioVersion = 16.0.31019.35
MinimumVisualStudioVersion = 10.0.40219.1
Project("{FAE04EC0-301F-11D3-BF4B-00C04F79EFBC}") = "LinqLambdaDEMO", "LinqLambdaDEMO\LinqLambdaDEMO.csproj", "{D17400CB-12B2-4B0A-B4E2-38C3565A35BD}"
EndProject
Global
	GlobalSection(SolutionConfigurationPlatforms) = preSolution
		Debug|Any CPU = Debug|Any CPU
		Release|Any CPU = Release|Any CPU
	EndGlobalSection
	GlobalSection(ProjectConfigurationPlatforms) = postSolution
		{D17400CB-12B2-4B0A-B4E2-38C3565A35BD}.Debug|Any CPU.ActiveCfg = Debug|Any CPU
		{D17400CB-12B2-4B0A-B4E2-38C3565A35BD}.Debug|Any CPU.Build.0 = Debug|Any CPU
		{D17400CB-12B2-4B0A-B4E2-38C3565A35BD}.Release|Any CPU.ActiveCfg = Release|Any CPU
		{D17400CB-12B2-4B0A-B4E2-38C3565A35BD}.Release|Any CPU.Build.0 = Release|Any CPU
	EndGlobalSection
	GlobalSection(SolutionProperties) = preSolution
		HideSolutionNode = FALSE
	EndGlobalSection
	GlobalSection(ExtensibilityGlobals) = postSolution
		SolutionGuid = {02E34A7A-3B7B-49A9-A77D-E56E4D4A31F9}
	EndGlobalSection
EndGlobal
